PODS:
  - emrtd (0.0.1):
    - Flutter
    - KinegramEmrtdConnector (~> 2.9.1)
  - Flutter (1.0.0)
  - KinegramEmrtdConnector (2.9.1)

DEPENDENCIES:
  - emrtd (from `.symlinks/plugins/emrtd/ios`)
  - Flutter (from `Flutter`)

SPEC REPOS:
  trunk:
    - KinegramEmrtdConnector

EXTERNAL SOURCES:
  emrtd:
    :path: ".symlinks/plugins/emrtd/ios"
  Flutter:
    :path: Flutter

SPEC CHECKSUMS:
  emrtd: 2420c6adae5572631441f69bd3324748823adac2
  Flutter: cabc95a1d2626b1b06e7179b784ebcf0c0cde467
  KinegramEmrtdConnector: 5203617ad1a659a7a013daabdb2c1649d8b0412a

PODFILE CHECKSUM: ce2a4dd764e1c7aeed6a7cdc5e61d092b6dc6d32

COCOAPODS: 1.16.2
